Microsoft Visual Studio Solution File, Format Version 12.00
# Visual Studio 15
VisualStudioVersion = 15.0.27703.1
MinimumVisualStudioVersion = 10.0.40219.1
Project("{FAE04EC0-301F-11D3-BF4B-00C04F79EFBC}") = "Kentico", "Kentico/Kentico.csproj", "{8F78BF82-EDDB-4061-A1FE-3C9D7156D569}"
EndProject
Global
	GlobalSection(SolutionConfigurationPlatforms) = preSolution
		Debug|Any CPU = Debug|Any CPU
		Release|Any CPU = Release|Any CPU
	EndGlobalSection
	GlobalSection(ProjectConfigurationPlatforms) = postSolution
		{8f78bf82-eddb-4061-a1fe-3c9d7156d569}.Debug|Any CPU.ActiveCfg = Debug|Any CPU
		{8f78bf82-eddb-4061-a1fe-3c9d7156d569}.Debug|Any CPU.Build.0 = Debug|Any CPU
		{8f78bf82-eddb-4061-a1fe-3c9d7156d569}.Release|Any CPU.ActiveCfg = Release|Any CPU
		{8f78bf82-eddb-4061-a1fe-3c9d7156d569}.Release|Any CPU.Build.0 = Release|Any CPU
	EndGlobalSection
	GlobalSection(SolutionProperties) = preSolution
		HideSolutionNode = FALSE
	EndGlobalSection
	GlobalSection(ExtensibilityGlobals) = postSolution
		SolutionGuid = {C6500213-6CF9-462C-B95D-DCF91FC64889}
	EndGlobalSection
EndGlobal
